// !$*UTF8*$!
{
	archiveVersion = 1;
	classes = {
	};
	objectVersion = 46;
	objects = {

/* Begin PBXBuildFile section */
		3BBBCDA51CFAF12D001810F9 /* AppDelegate.swift in Sources */ = {isa = PBXBuildFile; fileRef = 3BBBCDA41CFAF12D001810F9 /* AppDelegate.swift */; };
		3BBBCDA71CFAF12D001810F9 /* ViewController.swift in Sources */ = {isa = PBXBuildFile; fileRef = 3BBBCDA61CFAF12D001810F9 /* ViewController.swift */; };
		3BBBCDAA1CFAF12D001810F9 /* Main.storyboard in Resources */ = {isa = PBXBuildFile; fileRef = 3BBBCDA81CFAF12D001810F9 /* Main.storyboard */; };
		3BBBCDAC1CFAF12D001810F9 /* Assets.xcassets in Resources */ = {isa = PBXBuildFile; fileRef = 3BBBCDAB1CFAF12D001810F9 /* Assets.xcassets */; };
		3BBBCDAF1CFAF12D001810F9 /* LaunchScreen.storyboard in Resources */ = {isa = PBXBuildFile; fileRef = 3BBBCDAD1CFAF12D001810F9 /* LaunchScreen.storyboard */; };
		3BBBCDBA1CFAF12E001810F9 /* UISliderTutorialTests.swift in Sources */ = {isa = PBXBuildFile; fileRef = 3BBBCDB91CFAF12E001810F9 /* UISliderTutorialTests.swift */; };
		3BBBCDC51CFAF12E001810F9 /* UISliderTutorialUITests.swift in Sources */ = {isa = PBXBuildFile; fileRef = 3BBBCDC41CFAF12E001810F9 /* UISliderTutorialUITests.swift */; };
/* End PBXBuildFile section */

/* Begin PBXContainerItemProxy section */
		3BBBCDB61CFAF12E001810F9 /* PBXContainerItemProxy */ = {
			isa = PBXContainerItemProxy;
			containerPortal = 3BBBCD991CFAF12D001810F9 /* Project object */;
			proxyType = 1;
			remoteGlobalIDString = 3BBBCDA01CFAF12D001810F9;
			remoteInfo = UISliderTutorial;
		};
		3BBBCDC11CFAF12E001810F9 /* PBXContainerItemProxy */ = {
			isa = PBXContainerItemProxy;
			containerPortal = 3BBBCD991CFAF12D001810F9 /* Project object */;
			proxyType = 1;
			remoteGlobalIDString = 3BBBCDA01CFAF12D001810F9;
			remoteInfo = UISliderTutorial;
		};
/* End PBXContainerItemProxy section */

/* Begin PBXFileReference section */
		3BBBCDA11CFAF12D001810F9 /* UISliderTutorial.app */ = {isa = PBXFileReference; explicitFileType = wrapper.application; includeInIndex = 0; path = UISliderTutorial.app; sourceTree = BUILT_PRODUCTS_DIR; };
		3BBBCDA41CFAF12D001810F9 /* AppDelegate.swift */ = {isa = PBXFileReference; lastKnownFileType = sourcecode.swift; path = AppDelegate.swift; sourceTree = "<group>"; };
		3BBBCDA61CFAF12D001810F9 /* ViewController.swift */ = {isa = PBXFileReference; lastKnownFileType = sourcecode.swift; path = ViewController.swift; sourceTree = "<group>"; };
		3BBBCDA91CFAF12D001810F9 /* Base */ = {isa = PBXFileReference; lastKnownFileType = file.storyboard; name = Base; path = Base.lproj/Main.storyboard; sourceTree = "<group>"; };
		3BBBCDAB1CFAF12D001810F9 /* Assets.xcassets */ = {isa = PBXFileReference; lastKnownFileType = folder.assetcatalog; path = Assets.xcassets; sourceTree = "<group>"; };
		3BBBCDAE1CFAF12D001810F9 /* Base */ = {isa = PBXFileReference; lastKnownFileType = file.storyboard; name = Base; path = Base.lproj/LaunchScreen.storyboard; sourceTree = "<group>"; };
		3BBBCDB01CFAF12D001810F9 /* Info.plist */ = {isa = PBXFileReference; lastKnownFileType = text.plist.xml; path = Info.plist; sourceTree = "<group>"; };
		3BBBCDB51CFAF12E001810F9 /* UISliderTutorialTests.xctest */ = {isa = PBXFileReference; explicitFileType = wrapper.cfbundle; includeInIndex = 0; path = UISliderTutorialTests.xctest; sourceTree = BUILT_PRODUCTS_DIR; };
		3BBBCDB91CFAF12E001810F9 /* UISliderTutorialTests.swift */ = {isa = PBXFileReference; lastKnownFileType = sourcecode.swift; path = UISliderTutorialTests.swift; sourceTree = "<group>"; };
		3BBBCDBB1CFAF12E001810F9 /* Info.plist */ = {isa = PBXFileReference; lastKnownFileType = text.plist.xml; path = Info.plist; sourceTree = "<group>"; };
		3BBBCDC01CFAF12E001810F9 /* UISliderTutorialUITests.xctest */ = {isa = PBXFileReference; explicitFileType = wrapper.cfbundle; includeInIndex = 0; path = UISliderTutorialUITests.xctest; sourceTree = BUILT_PRODUCTS_DIR; };
		3BBBCDC41CFAF12E001810F9 /* UISliderTutorialUITests.swift */ = {isa = PBXFileReference; lastKnownFileType = sourcecode.swift; path = UISliderTutorialUITests.swift; sourceTree = "<group>"; };
		3BBBCDC61CFAF12E001810F9 /* Info.plist */ = {isa = PBXFileReference; lastKnownFileType = text.plist.xml; path = Info.plist; sourceTree = "<group>"; };
/* End PBXFileReference section */

/* Begin PBXFrameworksBuildPhase section */
		3BBBCD9E1CFAF12D001810F9 /* Frameworks */ = {
			isa = PBXFrameworksBuildPhase;
			buildActionMask = 2147483647;
			files = (
			);
			runOnlyForDeploymentPostprocessing = 0;
		};
		3BBBCDB21CFAF12E001810F9 /* Frameworks */ = {
			isa = PBXFrameworksBuildPhase;
			buildActionMask = 2147483647;
			files = (
			);
			runOnlyForDeploymentPostprocessing = 0;
		};
		3BBBCDBD1CFAF12E001810F9 /* Frameworks */ = {
			isa = PBXFrameworksBuildPhase;
			buildActionMask = 2147483647;
			files = (
			);
			runOnlyForDeploymentPostprocessing = 0;
		};
/* End PBXFrameworksBuildPhase section */

/* Begin PBXGroup section */
		3BBBCD981CFAF12D001810F9 = {
			isa = PBXGroup;
			children = (
				3BBBCDA31CFAF12D001810F9 /* UISliderTutorial */,
				3BBBCDB81CFAF12E001810F9 /* UISliderTutorialTests */,
				3BBBCDC31CFAF12E001810F9 /* UISliderTutorialUITests */,
				3BBBCDA21CFAF12D001810F9 /* Products */,
			);
			sourceTree = "<group>";
		};
		3BBBCDA21CFAF12D001810F9 /* Products */ = {
			isa = PBXGroup;
			children = (
				3BBBCDA11CFAF12D001810F9 /* UISliderTutorial.app */,
				3BBBCDB51CFAF12E001810F9 /* UISliderTutorialTests.xctest */,
				3BBBCDC01CFAF12E001810F9 /* UISliderTutorialUITests.xctest */,
			);
			name = Products;
			sourceTree = "<group>";
		};
		3BBBCDA31CFAF12D001810F9 /* UISliderTutorial */ = {
			isa = PBXGroup;
			children = (
				3BBBCDA41CFAF12D001810F9 /* AppDelegate.swift */,
				3BBBCDA61CFAF12D001810F9 /* ViewController.swift */,
				3BBBCDA81CFAF12D001810F9 /* Main.storyboard */,
				3BBBCDAB1CFAF12D001810F9 /* Assets.xcassets */,
				3BBBCDAD1CFAF12D001810F9 /* LaunchScreen.storyboard */,
				3BBBCDB01CFAF12D001810F9 /* Info.plist */,
			);
			path = UISliderTutorial;
			sourceTree = "<group>";
		};
		3BBBCDB81CFAF12E001810F9 /* UISliderTutorialTests */ = {
			isa = PBXGroup;
			children = (
				3BBBCDB91CFAF12E001810F9 /* UISliderTutorialTests.swift */,
				3BBBCDBB1CFAF12E001810F9 /* Info.plist */,
			);
			path = UISliderTutorialTests;
			sourceTree = "<group>";
		};
		3BBBCDC31CFAF12E001810F9 /* UISliderTutorialUITests */ = {
			isa = PBXGroup;
			children = (
				3BBBCDC41CFAF12E001810F9 /* UISliderTutorialUITests.swift */,
				3BBBCDC61CFAF12E001810F9 /* Info.plist */,
			);
			path = UISliderTutorialUITests;
			sourceTree = "<group>";
		};
/* End PBXGroup section */

/* Begin PBXNativeTarget section */
		3BBBCDA01CFAF12D001810F9 /* UISliderTutorial */ = {
			isa = PBXNativeTarget;
			buildConfigurationList = 3BBBCDC91CFAF12E001810F9 /* Build configuration list for PBXNativeTarget "UISliderTutorial" */;
			buildPhases = (
				3BBBCD9D1CFAF12D001810F9 /* Sources */,
				3BBBCD9E1CFAF12D001810F9 /* Frameworks */,
				3BBBCD9F1CFAF12D001810F9 /* Resources */,
			);
			buildRules = (
			);
			dependencies = (
			);
			name = UISliderTutorial;
			productName = UISliderTutorial;
			productReference = 3BBBCDA11CFAF12D001810F9 /* UISliderTutorial.app */;
			productType = "com.apple.product-type.application";
		};
		3BBBCDB41CFAF12E001810F9 /* UISliderTutorialTests */ = {
			isa = PBXNativeTarget;
			buildConfigurationList = 3BBBCDCC1CFAF12E001810F9 /* Build configuration list for PBXNativeTarget "UISliderTutorialTests" */;
			buildPhases = (
				3BBBCDB11CFAF12E001810F9 /* Sources */,
				3BBBCDB21CFAF12E001810F9 /* Frameworks */,
				3BBBCDB31CFAF12E001810F9 /* Resources */,
			);
			buildRules = (
			);
			dependencies = (
				3BBBCDB71CFAF12E001810F9 /* PBXTargetDependency */,
			);
			name = UISliderTutorialTests;
			productName = UISliderTutorialTests;
			productReference = 3BBBCDB51CFAF12E001810F9 /* UISliderTutorialTests.xctest */;
			productType = "com.apple.product-type.bundle.unit-test";
		};
		3BBBCDBF1CFAF12E001810F9 /* UISliderTutorialUITests */ = {
			isa = PBXNativeTarget;
			buildConfigurationList = 3BBBCDCF1CFAF12E001810F9 /* Build configuration list for PBXNativeTarget "UISliderTutorialUITests" */;
			buildPhases = (
				3BBBCDBC1CFAF12E001810F9 /* Sources */,
				3BBBCDBD1CFAF12E001810F9 /* Frameworks */,
				3BBBCDBE1CFAF12E001810F9 /* Resources */,
			);
			buildRules = (
			);
			dependencies = (
				3BBBCDC21CFAF12E001810F9 /* PBXTargetDependency */,
			);
			name = UISliderTutorialUITests;
			productName = UISliderTutorialUITests;
			productReference = 3BBBCDC01CFAF12E001810F9 /* UISliderTutorialUITests.xctest */;
			productType = "com.apple.product-type.bundle.ui-testing";
		};
/* End PBXNativeTarget section */

/* Begin PBXProject section */
		3BBBCD991CFAF12D001810F9 /* Project object */ = {
			isa = PBXProject;
			attributes = {
				LastSwiftUpdateCheck = 0730;
				LastUpgradeCheck = 0730;
				ORGANIZATIONNAME = "Daniele Donzelli";
				TargetAttributes = {
					3BBBCDA01CFAF12D001810F9 = {
						CreatedOnToolsVersion = 7.3;
					};
					3BBBCDB41CFAF12E001810F9 = {
						CreatedOnToolsVersion = 7.3;
						TestTargetID = 3BBBCDA01CFAF12D001810F9;
					};
					3BBBCDBF1CFAF12E001810F9 = {
						CreatedOnToolsVersion = 7.3;
						TestTargetID = 3BBBCDA01CFAF12D001810F9;
					};
				};
			};
			buildConfigurationList = 3BBBCD9C1CFAF12D001810F9 /* Build configuration list for PBXProject "UISliderTutorial" */;
			compatibilityVersion = "Xcode 3.2";
			developmentRegion = English;
			hasScannedForEncodings = 0;
			knownRegions = (
				en,
				Base,
			);
			mainGroup = 3BBBCD981CFAF12D001810F9;
			productRefGroup = 3BBBCDA21CFAF12D001810F9 /* Products */;
			projectDirPath = "";
			projectRoot = "";
			targets = (
				3BBBCDA01CFAF12D001810F9 /* UISliderTutorial */,
				3BBBCDB41CFAF12E001810F9 /* UISliderTutorialTests */,
				3BBBCDBF1CFAF12E001810F9 /* UISliderTutorialUITests */,
			);
		};
/* End PBXProject section */

/* Begin PBXResourcesBuildPhase section */
		3BBBCD9F1CFAF12D001810F9 /* Resources */ = {
			isa = PBXResourcesBuildPhase;
			buildActionMask = 2147483647;
			files = (
				3BBBCDAF1CFAF12D001810F9 /* LaunchScreen.storyboard in Resources */,
				3BBBCDAC1CFAF12D001810F9 /* Assets.xcassets in Resources */,
				3BBBCDAA1CFAF12D001810F9 /* Main.storyboard in Resources */,
			);
			runOnlyForDeploymentPostprocessing = 0;
		};
		3BBBCDB31CFAF12E001810F9 /* Resources */ = {
			isa = PBXResourcesBuildPhase;
			buildActionMask = 2147483647;
			files = (
			);
			runOnlyForDeploymentPostprocessing = 0;
		};
		3BBBCDBE1CFAF12E001810F9 /* Resources */ = {
			isa = PBXResourcesBuildPhase;
			buildActionMask = 2147483647;
			files = (
			);
			runOnlyForDeploymentPostprocessing = 0;
		};
/* End PBXResourcesBuildPhase section */

/* Begin PBXSourcesBuildPhase section */
		3BBBCD9D1CFAF12D001810F9 /* Sources */ = {
			isa = PBXSourcesBuildPhase;
			buildActionMask = 2147483647;
			files = (
				3BBBCDA71CFAF12D001810F9 /* ViewController.swift in Sources */,
				3BBBCDA51CFAF12D001810F9 /* AppDelegate.swift in Sources */,
			);
			runOnlyForDeploymentPostprocessing = 0;
		};
		3BBBCDB11CFAF12E001810F9 /* Sources */ = {
			isa = PBXSourcesBuildPhase;
			buildActionMask = 2147483647;
			files = (
				3BBBCDBA1CFAF12E001810F9 /* UISliderTutorialTests.swift in Sources */,
			);
			runOnlyForDeploymentPostprocessing = 0;
		};
		3BBBCDBC1CFAF12E001810F9 /* Sources */ = {
			isa = PBXSourcesBuildPhase;
			buildActionMask = 2147483647;
			files = (
				3BBBCDC51CFAF12E001810F9 /* UISliderTutorialUITests.swift in Sources */,
			);
			runOnlyForDeploymentPostprocessing = 0;
		};
/* End PBXSourcesBuildPhase section */

/* Begin PBXTargetDependency section */
		3BBBCDB71CFAF12E001810F9 /* PBXTargetDependency */ = {
			isa = PBXTargetDependency;
			target = 3BBBCDA01CFAF12D001810F9 /* UISliderTutorial */;
			targetProxy = 3BBBCDB61CFAF12E001810F9 /* PBXContainerItemProxy */;
		};
		3BBBCDC21CFAF12E001810F9 /* PBXTargetDependency */ = {
			isa = PBXTargetDependency;
			target = 3BBBCDA01CFAF12D001810F9 /* UISliderTutorial */;
			targetProxy = 3BBBCDC11CFAF12E001810F9 /* PBXContainerItemProxy */;
		};
/* End PBXTargetDependency section */

/* Begin PBXVariantGroup section */
		3BBBCDA81CFAF12D001810F9 /* Main.storyboard */ = {
			isa = PBXVariantGroup;
			children = (
				3BBBCDA91CFAF12D001810F9 /* Base */,
			);
			name = Main.storyboard;
			sourceTree = "<group>";
		};
		3BBBCDAD1CFAF12D001810F9 /* LaunchScreen.storyboard */ = {
			isa = PBXVariantGroup;
			children = (
				3BBBCDAE1CFAF12D001810F9 /* Base */,
			);
			name = LaunchScreen.storyboard;
			sourceTree = "<group>";
		};
/* End PBXVariantGroup section */

/* Begin XCBuildConfiguration section */
		3BBBCDC71CFAF12E001810F9 /* Debug */ = {
			isa = XCBuildConfiguration;
			buildSettings = {
				ALWAYS_SEARCH_USER_PATHS = NO;
				CLANG_ANALYZER_NONNULL = YES;
				CLANG_CXX_LANGUAGE_STANDARD = "gnu++0x";
				CLANG_CXX_LIBRARY = "libc++";
				CLANG_ENABLE_MODULES = YES;
				CLANG_ENABLE_OBJC_ARC = YES;
				CLANG_WARN_BOOL_CONVERSION = YES;
				CLANG_WARN_CONSTANT_CONVERSION = YES;
				CLANG_WARN_DIRECT_OBJC_ISA_USAGE = YES_ERROR;
				CLANG_WARN_EMPTY_BODY = YES;
				CLANG_WARN_ENUM_CONVERSION = YES;
				CLANG_WARN_INT_CONVERSION = YES;
				CLANG_WARN_OBJC_ROOT_CLASS = YES_ERROR;
				CLANG_WARN_UNREACHABLE_CODE = YES;
				CLANG_WARN__DUPLICATE_METHOD_MATCH = YES;
				"CODE_SIGN_IDENTITY[sdk=iphoneos*]" = "iPhone Developer";
				COPY_PHASE_STRIP = NO;
				DEBUG_INFORMATION_FORMAT = dwarf;
				ENABLE_STRICT_OBJC_MSGSEND = YES;
				ENABLE_TESTABILITY = YES;
				GCC_C_LANGUAGE_STANDARD = gnu99;
				GCC_DYNAMIC_NO_PIC = NO;
				GCC_NO_COMMON_BLOCKS = YES;
				GCC_OPTIMIZATION_LEVEL = 0;
				GCC_PREPROCESSOR_DEFINITIONS = (
					"DEBUG=1",
					"$(inherited)",
				);
				GCC_WARN_64_TO_32_BIT_CONVERSION = YES;
				GCC_WARN_ABOUT_RETURN_TYPE = YES_ERROR;
				GCC_WARN_UNDECLARED_SELECTOR = YES;
				GCC_WARN_UNINITIALIZED_AUTOS = YES_AGGRESSIVE;
				GCC_WARN_UNUSED_FUNCTION = YES;
				GCC_WARN_UNUSED_VARIABLE = YES;
				IPHONEOS_DEPLOYMENT_TARGET = 9.3;
				MTL_ENABLE_DEBUG_INFO = YES;
				ONLY_ACTIVE_ARCH = YES;
				SDKROOT = iphoneos;
				SWIFT_OPTIMIZATION_LEVEL = "-Onone";
			};
			name = Debug;
		};
		3BBBCDC81CFAF12E001810F9 /* Release */ = {
			isa = XCBuildConfiguration;
			buildSettings = {
				ALWAYS_SEARCH_USER_PATHS = NO;
				CLANG_ANALYZER_NONNULL = YES;
				CLANG_CXX_LANGUAGE_STANDARD = "gnu++0x";
				CLANG_CXX_LIBRARY = "libc++";
				CLANG_ENABLE_MODULES = YES;
				CLANG_ENABLE_OBJC_ARC = YES;
				CLANG_WARN_BOOL_CONVERSION = YES;
				CLANG_WARN_CONSTANT_CONVERSION = YES;
				CLANG_WARN_DIRECT_OBJC_ISA_USAGE = YES_ERROR;
				CLANG_WARN_EMPTY_BODY = YES;
				CLANG_WARN_ENUM_CONVERSION = YES;
				CLANG_WARN_INT_CONVERSION = YES;
				CLANG_WARN_OBJC_ROOT_CLASS = YES_ERROR;
				CLANG_WARN_UNREACHABLE_CODE = YES;
				CLANG_WARN__DUPLICATE_METHOD_MATCH = YES;
				"CODE_SIGN_IDENTITY[sdk=iphoneos*]" = "iPhone Developer";
				COPY_PHASE_STRIP = NO;
				DEBUG_INFORMATION_FORMAT = "dwarf-with-dsym";
				ENABLE_NS_ASSERTIONS = NO;
				ENABLE_STRICT_OBJC_MSGSEND = YES;
				GCC_C_LANGUAGE_STANDARD = gnu99;
				GCC_NO_COMMON_BLOCKS = YES;
				GCC_WARN_64_TO_32_BIT_CONVERSION = YES;
				GCC_WARN_ABOUT_RETURN_TYPE = YES_ERROR;
				GCC_WARN_UNDECLARED_SELECTOR = YES;
				GCC_WARN_UNINITIALIZED_AUTOS = YES_AGGRESSIVE;
				GCC_WARN_UNUSED_FUNCTION = YES;
				GCC_WARN_UNUSED_VARIABLE = YES;
				IPHONEOS_DEPLOYMENT_TARGET = 9.3;
				MTL_ENABLE_DEBUG_INFO = NO;
				SDKROOT = iphoneos;
				VALIDATE_PRODUCT = YES;
			};
			name = Release;
		};
		3BBBCDCA1CFAF12E001810F9 /* Debug */ = {
			isa = XCBuildConfiguration;
			buildSettings = {
				ASSETCATALOG_COMPILER_APPICON_NAME = AppIcon;
				INFOPLIST_FILE = UISliderTutorial/Info.plist;
				LD_RUNPATH_SEARCH_PATHS = "$(inherited) @executable_path/Frameworks";
				PRODUCT_BUNDLE_IDENTIFIER = com.donzellidaniele.UISliderTutorial;
				PRODUCT_NAME = "$(TARGET_NAME)";
			};
			name = Debug;
		};
		3BBBCDCB1CFAF12E001810F9 /* Release */ = {
			isa = XCBuildConfiguration;
			buildSettings = {
				ASSETCATALOG_COMPILER_APPICON_NAME = AppIcon;
				INFOPLIST_FILE = UISliderTutorial/Info.plist;
				LD_RUNPATH_SEARCH_PATHS = "$(inherited) @executable_path/Frameworks";
				PRODUCT_BUNDLE_IDENTIFIER = com.donzellidaniele.UISliderTutorial;
				PRODUCT_NAME = "$(TARGET_NAME)";
			};
			name = Release;
		};
		3BBBCDCD1CFAF12E001810F9 /* Debug */ = {
			isa = XCBuildConfiguration;
			buildSettings = {
				BUNDLE_LOADER = "$(TEST_HOST)";
				INFOPLIST_FILE = UISliderTutorialTests/Info.plist;
				LD_RUNPATH_SEARCH_PATHS = "$(inherited) @executable_path/Frameworks @loader_path/Frameworks";
				PRODUCT_BUNDLE_IDENTIFIER = com.donzellidaniele.UISliderTutorialTests;
				PRODUCT_NAME = "$(TARGET_NAME)";
				TEST_HOST = "$(BUILT_PRODUCTS_DIR)/UISliderTutorial.app/UISliderTutorial";
			};
			name = Debug;
		};
		3BBBCDCE1CFAF12E001810F9 /* Release */ = {
			isa = XCBuildConfiguration;
			buildSettings = {
				BUNDLE_LOADER = "$(TEST_HOST)";
				INFOPLIST_FILE = UISliderTutorialTests/Info.plist;
				LD_RUNPATH_SEARCH_PATHS = "$(inherited) @executable_path/Frameworks @loader_path/Frameworks";
				PRODUCT_BUNDLE_IDENTIFIER = com.donzellidaniele.UISliderTutorialTests;
				PRODUCT_NAME = "$(TARGET_NAME)";
				TEST_HOST = "$(BUILT_PRODUCTS_DIR)/UISliderTutorial.app/UISliderTutorial";
			};
			name = Release;
		};
		3BBBCDD01CFAF12E001810F9 /* Debug */ = {
			isa = XCBuildConfiguration;
			buildSettings = {
				INFOPLIST_FILE = UISliderTutorialUITests/Info.plist;
				LD_RUNPATH_SEARCH_PATHS = "$(inherited) @executable_path/Frameworks @loader_path/Frameworks";
				PRODUCT_BUNDLE_IDENTIFIER = com.donzellidaniele.UISliderTutorialUITests;
				PRODUCT_NAME = "$(TARGET_NAME)";
				TEST_TARGET_NAME = UISliderTutorial;
			};
			name = Debug;
		};
		3BBBCDD11CFAF12E001810F9 /* Release */ = {
			isa = XCBuildConfiguration;
			buildSettings = {
				INFOPLIST_FILE = UISliderTutorialUITests/Info.plist;
				LD_RUNPATH_SEARCH_PATHS = "$(inherited) @executable_path/Frameworks @loader_path/Frameworks";
				PRODUCT_BUNDLE_IDENTIFIER = com.donzellidaniele.UISliderTutorialUITests;
				PRODUCT_NAME = "$(TARGET_NAME)";
				TEST_TARGET_NAME = UISliderTutorial;
			};
			name = Release;
		};
/* End XCBuildConfiguration section */

/* Begin XCConfigurationList section */
		3BBBCD9C1CFAF12D001810F9 /* Build configuration list for PBXProject "UISliderTutorial" */ = {
			isa = XCConfigurationList;
			buildConfigurations = (
				3BBBCDC71CFAF12E001810F9 /* Debug */,
				3BBBCDC81CFAF12E001810F9 /* Release */,
			);
			defaultConfigurationIsVisible = 0;
			defaultConfigurationName = Release;
		};
		3BBBCDC91CFAF12E001810F9 /* Build configuration list for PBXNativeTarget "UISliderTutorial" */ = {
			isa = XCConfigurationList;
			buildConfigurations = (
				3BBBCDCA1CFAF12E001810F9 /* Debug */,
				3BBBCDCB1CFAF12E001810F9 /* Release */,
			);
			defaultConfigurationIsVisible = 0;
		};
		3BBBCDCC1CFAF12E001810F9 /* Build configuration list for PBXNativeTarget "UISliderTutorialTests" */ = {
			isa = XCConfigurationList;
			buildConfigurations = (
				3BBBCDCD1CFAF12E001810F9 /* Debug */,
				3BBBCDCE1CFAF12E001810F9 /* Release */,
			);
			defaultConfigurationIsVisible = 0;
		};
		3BBBCDCF1CFAF12E001810F9 /* Build configuration list for PBXNativeTarget "UISliderTutorialUITests" */ = {
			isa = XCConfigurationList;
			buildConfigurations = (
				3BBBCDD01CFAF12E001810F9 /* Debug */,
				3BBBCDD11CFAF12E001810F9 /* Release */,
			);
			defaultConfigurationIsVisible = 0;
		};
/* End XCConfigurationList section */
	};
	rootObject = 3BBBCD991CFAF12D001810F9 /* Project object */;
}
