// !$*UTF8*$!
{
	archiveVersion = 1;
	classes = {
	};
	objectVersion = 46;
	objects = {

/* Begin PBXBuildFile section */
		3B28F4181CBF144A00479405 /* AppDelegate.swift in Sources */ = {isa = PBXBuildFile; fileRef = 3B28F4171CBF144A00479405 /* AppDelegate.swift */; };
		3B28F41A1CBF144A00479405 /* ViewController.swift in Sources */ = {isa = PBXBuildFile; fileRef = 3B28F4191CBF144A00479405 /* ViewController.swift */; };
		3B28F41D1CBF144A00479405 /* Main.storyboard in Resources */ = {isa = PBXBuildFile; fileRef = 3B28F41B1CBF144A00479405 /* Main.storyboard */; };
		3B28F41F1CBF144A00479405 /* Assets.xcassets in Resources */ = {isa = PBXBuildFile; fileRef = 3B28F41E1CBF144A00479405 /* Assets.xcassets */; };
		3B28F4221CBF144A00479405 /* LaunchScreen.storyboard in Resources */ = {isa = PBXBuildFile; fileRef = 3B28F4201CBF144A00479405 /* LaunchScreen.storyboard */; };
		3B28F42D1CBF144A00479405 /* UIButtonTutorialTests.swift in Sources */ = {isa = PBXBuildFile; fileRef = 3B28F42C1CBF144A00479405 /* UIButtonTutorialTests.swift */; };
		3B28F4381CBF144A00479405 /* UIButtonTutorialUITests.swift in Sources */ = {isa = PBXBuildFile; fileRef = 3B28F4371CBF144A00479405 /* UIButtonTutorialUITests.swift */; };
/* End PBXBuildFile section */

/* Begin PBXContainerItemProxy section */
		3B28F4291CBF144A00479405 /* PBXContainerItemProxy */ = {
			isa = PBXContainerItemProxy;
			containerPortal = 3B28F40C1CBF144A00479405 /* Project object */;
			proxyType = 1;
			remoteGlobalIDString = 3B28F4131CBF144A00479405;
			remoteInfo = UIButtonTutorial;
		};
		3B28F4341CBF144A00479405 /* PBXContainerItemProxy */ = {
			isa = PBXContainerItemProxy;
			containerPortal = 3B28F40C1CBF144A00479405 /* Project object */;
			proxyType = 1;
			remoteGlobalIDString = 3B28F4131CBF144A00479405;
			remoteInfo = UIButtonTutorial;
		};
/* End PBXContainerItemProxy section */

/* Begin PBXFileReference section */
		3B28F4141CBF144A00479405 /* UIButtonTutorial.app */ = {isa = PBXFileReference; explicitFileType = wrapper.application; includeInIndex = 0; path = UIButtonTutorial.app; sourceTree = BUILT_PRODUCTS_DIR; };
		3B28F4171CBF144A00479405 /* AppDelegate.swift */ = {isa = PBXFileReference; lastKnownFileType = sourcecode.swift; path = AppDelegate.swift; sourceTree = "<group>"; };
		3B28F4191CBF144A00479405 /* ViewController.swift */ = {isa = PBXFileReference; lastKnownFileType = sourcecode.swift; path = ViewController.swift; sourceTree = "<group>"; };
		3B28F41C1CBF144A00479405 /* Base */ = {isa = PBXFileReference; lastKnownFileType = file.storyboard; name = Base; path = Base.lproj/Main.storyboard; sourceTree = "<group>"; };
		3B28F41E1CBF144A00479405 /* Assets.xcassets */ = {isa = PBXFileReference; lastKnownFileType = folder.assetcatalog; path = Assets.xcassets; sourceTree = "<group>"; };
		3B28F4211CBF144A00479405 /* Base */ = {isa = PBXFileReference; lastKnownFileType = file.storyboard; name = Base; path = Base.lproj/LaunchScreen.storyboard; sourceTree = "<group>"; };
		3B28F4231CBF144A00479405 /* Info.plist */ = {isa = PBXFileReference; lastKnownFileType = text.plist.xml; path = Info.plist; sourceTree = "<group>"; };
		3B28F4281CBF144A00479405 /* UIButtonTutorialTests.xctest */ = {isa = PBXFileReference; explicitFileType = wrapper.cfbundle; includeInIndex = 0; path = UIButtonTutorialTests.xctest; sourceTree = BUILT_PRODUCTS_DIR; };
		3B28F42C1CBF144A00479405 /* UIButtonTutorialTests.swift */ = {isa = PBXFileReference; lastKnownFileType = sourcecode.swift; path = UIButtonTutorialTests.swift; sourceTree = "<group>"; };
		3B28F42E1CBF144A00479405 /* Info.plist */ = {isa = PBXFileReference; lastKnownFileType = text.plist.xml; path = Info.plist; sourceTree = "<group>"; };
		3B28F4331CBF144A00479405 /* UIButtonTutorialUITests.xctest */ = {isa = PBXFileReference; explicitFileType = wrapper.cfbundle; includeInIndex = 0; path = UIButtonTutorialUITests.xctest; sourceTree = BUILT_PRODUCTS_DIR; };
		3B28F4371CBF144A00479405 /* UIButtonTutorialUITests.swift */ = {isa = PBXFileReference; lastKnownFileType = sourcecode.swift; path = UIButtonTutorialUITests.swift; sourceTree = "<group>"; };
		3B28F4391CBF144A00479405 /* Info.plist */ = {isa = PBXFileReference; lastKnownFileType = text.plist.xml; path = Info.plist; sourceTree = "<group>"; };
/* End PBXFileReference section */

/* Begin PBXFrameworksBuildPhase section */
		3B28F4111CBF144A00479405 /* Frameworks */ = {
			isa = PBXFrameworksBuildPhase;
			buildActionMask = 2147483647;
			files = (
			);
			runOnlyForDeploymentPostprocessing = 0;
		};
		3B28F4251CBF144A00479405 /* Frameworks */ = {
			isa = PBXFrameworksBuildPhase;
			buildActionMask = 2147483647;
			files = (
			);
			runOnlyForDeploymentPostprocessing = 0;
		};
		3B28F4301CBF144A00479405 /* Frameworks */ = {
			isa = PBXFrameworksBuildPhase;
			buildActionMask = 2147483647;
			files = (
			);
			runOnlyForDeploymentPostprocessing = 0;
		};
/* End PBXFrameworksBuildPhase section */

/* Begin PBXGroup section */
		3B28F40B1CBF144A00479405 = {
			isa = PBXGroup;
			children = (
				3B28F4161CBF144A00479405 /* UIButtonTutorial */,
				3B28F42B1CBF144A00479405 /* UIButtonTutorialTests */,
				3B28F4361CBF144A00479405 /* UIButtonTutorialUITests */,
				3B28F4151CBF144A00479405 /* Products */,
			);
			sourceTree = "<group>";
		};
		3B28F4151CBF144A00479405 /* Products */ = {
			isa = PBXGroup;
			children = (
				3B28F4141CBF144A00479405 /* UIButtonTutorial.app */,
				3B28F4281CBF144A00479405 /* UIButtonTutorialTests.xctest */,
				3B28F4331CBF144A00479405 /* UIButtonTutorialUITests.xctest */,
			);
			name = Products;
			sourceTree = "<group>";
		};
		3B28F4161CBF144A00479405 /* UIButtonTutorial */ = {
			isa = PBXGroup;
			children = (
				3B28F4171CBF144A00479405 /* AppDelegate.swift */,
				3B28F4191CBF144A00479405 /* ViewController.swift */,
				3B28F41B1CBF144A00479405 /* Main.storyboard */,
				3B28F41E1CBF144A00479405 /* Assets.xcassets */,
				3B28F4201CBF144A00479405 /* LaunchScreen.storyboard */,
				3B28F4231CBF144A00479405 /* Info.plist */,
			);
			path = UIButtonTutorial;
			sourceTree = "<group>";
		};
		3B28F42B1CBF144A00479405 /* UIButtonTutorialTests */ = {
			isa = PBXGroup;
			children = (
				3B28F42C1CBF144A00479405 /* UIButtonTutorialTests.swift */,
				3B28F42E1CBF144A00479405 /* Info.plist */,
			);
			path = UIButtonTutorialTests;
			sourceTree = "<group>";
		};
		3B28F4361CBF144A00479405 /* UIButtonTutorialUITests */ = {
			isa = PBXGroup;
			children = (
				3B28F4371CBF144A00479405 /* UIButtonTutorialUITests.swift */,
				3B28F4391CBF144A00479405 /* Info.plist */,
			);
			path = UIButtonTutorialUITests;
			sourceTree = "<group>";
		};
/* End PBXGroup section */

/* Begin PBXNativeTarget section */
		3B28F4131CBF144A00479405 /* UIButtonTutorial */ = {
			isa = PBXNativeTarget;
			buildConfigurationList = 3B28F43C1CBF144A00479405 /* Build configuration list for PBXNativeTarget "UIButtonTutorial" */;
			buildPhases = (
				3B28F4101CBF144A00479405 /* Sources */,
				3B28F4111CBF144A00479405 /* Frameworks */,
				3B28F4121CBF144A00479405 /* Resources */,
			);
			buildRules = (
			);
			dependencies = (
			);
			name = UIButtonTutorial;
			productName = UIButtonTutorial;
			productReference = 3B28F4141CBF144A00479405 /* UIButtonTutorial.app */;
			productType = "com.apple.product-type.application";
		};
		3B28F4271CBF144A00479405 /* UIButtonTutorialTests */ = {
			isa = PBXNativeTarget;
			buildConfigurationList = 3B28F43F1CBF144A00479405 /* Build configuration list for PBXNativeTarget "UIButtonTutorialTests" */;
			buildPhases = (
				3B28F4241CBF144A00479405 /* Sources */,
				3B28F4251CBF144A00479405 /* Frameworks */,
				3B28F4261CBF144A00479405 /* Resources */,
			);
			buildRules = (
			);
			dependencies = (
				3B28F42A1CBF144A00479405 /* PBXTargetDependency */,
			);
			name = UIButtonTutorialTests;
			productName = UIButtonTutorialTests;
			productReference = 3B28F4281CBF144A00479405 /* UIButtonTutorialTests.xctest */;
			productType = "com.apple.product-type.bundle.unit-test";
		};
		3B28F4321CBF144A00479405 /* UIButtonTutorialUITests */ = {
			isa = PBXNativeTarget;
			buildConfigurationList = 3B28F4421CBF144A00479405 /* Build configuration list for PBXNativeTarget "UIButtonTutorialUITests" */;
			buildPhases = (
				3B28F42F1CBF144A00479405 /* Sources */,
				3B28F4301CBF144A00479405 /* Frameworks */,
				3B28F4311CBF144A00479405 /* Resources */,
			);
			buildRules = (
			);
			dependencies = (
				3B28F4351CBF144A00479405 /* PBXTargetDependency */,
			);
			name = UIButtonTutorialUITests;
			productName = UIButtonTutorialUITests;
			productReference = 3B28F4331CBF144A00479405 /* UIButtonTutorialUITests.xctest */;
			productType = "com.apple.product-type.bundle.ui-testing";
		};
/* End PBXNativeTarget section */

/* Begin PBXProject section */
		3B28F40C1CBF144A00479405 /* Project object */ = {
			isa = PBXProject;
			attributes = {
				LastSwiftUpdateCheck = 0730;
				LastUpgradeCheck = 0730;
				ORGANIZATIONNAME = "Daniele Donzelli";
				TargetAttributes = {
					3B28F4131CBF144A00479405 = {
						CreatedOnToolsVersion = 7.3;
					};
					3B28F4271CBF144A00479405 = {
						CreatedOnToolsVersion = 7.3;
						TestTargetID = 3B28F4131CBF144A00479405;
					};
					3B28F4321CBF144A00479405 = {
						CreatedOnToolsVersion = 7.3;
						TestTargetID = 3B28F4131CBF144A00479405;
					};
				};
			};
			buildConfigurationList = 3B28F40F1CBF144A00479405 /* Build configuration list for PBXProject "UIButtonTutorial" */;
			compatibilityVersion = "Xcode 3.2";
			developmentRegion = English;
			hasScannedForEncodings = 0;
			knownRegions = (
				en,
				Base,
			);
			mainGroup = 3B28F40B1CBF144A00479405;
			productRefGroup = 3B28F4151CBF144A00479405 /* Products */;
			projectDirPath = "";
			projectRoot = "";
			targets = (
				3B28F4131CBF144A00479405 /* UIButtonTutorial */,
				3B28F4271CBF144A00479405 /* UIButtonTutorialTests */,
				3B28F4321CBF144A00479405 /* UIButtonTutorialUITests */,
			);
		};
/* End PBXProject section */

/* Begin PBXResourcesBuildPhase section */
		3B28F4121CBF144A00479405 /* Resources */ = {
			isa = PBXResourcesBuildPhase;
			buildActionMask = 2147483647;
			files = (
				3B28F4221CBF144A00479405 /* LaunchScreen.storyboard in Resources */,
				3B28F41F1CBF144A00479405 /* Assets.xcassets in Resources */,
				3B28F41D1CBF144A00479405 /* Main.storyboard in Resources */,
			);
			runOnlyForDeploymentPostprocessing = 0;
		};
		3B28F4261CBF144A00479405 /* Resources */ = {
			isa = PBXResourcesBuildPhase;
			buildActionMask = 2147483647;
			files = (
			);
			runOnlyForDeploymentPostprocessing = 0;
		};
		3B28F4311CBF144A00479405 /* Resources */ = {
			isa = PBXResourcesBuildPhase;
			buildActionMask = 2147483647;
			files = (
			);
			runOnlyForDeploymentPostprocessing = 0;
		};
/* End PBXResourcesBuildPhase section */

/* Begin PBXSourcesBuildPhase section */
		3B28F4101CBF144A00479405 /* Sources */ = {
			isa = PBXSourcesBuildPhase;
			buildActionMask = 2147483647;
			files = (
				3B28F41A1CBF144A00479405 /* ViewController.swift in Sources */,
				3B28F4181CBF144A00479405 /* AppDelegate.swift in Sources */,
			);
			runOnlyForDeploymentPostprocessing = 0;
		};
		3B28F4241CBF144A00479405 /* Sources */ = {
			isa = PBXSourcesBuildPhase;
			buildActionMask = 2147483647;
			files = (
				3B28F42D1CBF144A00479405 /* UIButtonTutorialTests.swift in Sources */,
			);
			runOnlyForDeploymentPostprocessing = 0;
		};
		3B28F42F1CBF144A00479405 /* Sources */ = {
			isa = PBXSourcesBuildPhase;
			buildActionMask = 2147483647;
			files = (
				3B28F4381CBF144A00479405 /* UIButtonTutorialUITests.swift in Sources */,
			);
			runOnlyForDeploymentPostprocessing = 0;
		};
/* End PBXSourcesBuildPhase section */

/* Begin PBXTargetDependency section */
		3B28F42A1CBF144A00479405 /* PBXTargetDependency */ = {
			isa = PBXTargetDependency;
			target = 3B28F4131CBF144A00479405 /* UIButtonTutorial */;
			targetProxy = 3B28F4291CBF144A00479405 /* PBXContainerItemProxy */;
		};
		3B28F4351CBF144A00479405 /* PBXTargetDependency */ = {
			isa = PBXTargetDependency;
			target = 3B28F4131CBF144A00479405 /* UIButtonTutorial */;
			targetProxy = 3B28F4341CBF144A00479405 /* PBXContainerItemProxy */;
		};
/* End PBXTargetDependency section */

/* Begin PBXVariantGroup section */
		3B28F41B1CBF144A00479405 /* Main.storyboard */ = {
			isa = PBXVariantGroup;
			children = (
				3B28F41C1CBF144A00479405 /* Base */,
			);
			name = Main.storyboard;
			sourceTree = "<group>";
		};
		3B28F4201CBF144A00479405 /* LaunchScreen.storyboard */ = {
			isa = PBXVariantGroup;
			children = (
				3B28F4211CBF144A00479405 /* Base */,
			);
			name = LaunchScreen.storyboard;
			sourceTree = "<group>";
		};
/* End PBXVariantGroup section */

/* Begin XCBuildConfiguration section */
		3B28F43A1CBF144A00479405 /* Debug */ = {
			isa = XCBuildConfiguration;
			buildSettings = {
				ALWAYS_SEARCH_USER_PATHS = NO;
				CLANG_ANALYZER_NONNULL = YES;
				CLANG_CXX_LANGUAGE_STANDARD = "gnu++0x";
				CLANG_CXX_LIBRARY = "libc++";
				CLANG_ENABLE_MODULES = YES;
				CLANG_ENABLE_OBJC_ARC = YES;
				CLANG_WARN_BOOL_CONVERSION = YES;
				CLANG_WARN_CONSTANT_CONVERSION = YES;
				CLANG_WARN_DIRECT_OBJC_ISA_USAGE = YES_ERROR;
				CLANG_WARN_EMPTY_BODY = YES;
				CLANG_WARN_ENUM_CONVERSION = YES;
				CLANG_WARN_INT_CONVERSION = YES;
				CLANG_WARN_OBJC_ROOT_CLASS = YES_ERROR;
				CLANG_WARN_UNREACHABLE_CODE = YES;
				CLANG_WARN__DUPLICATE_METHOD_MATCH = YES;
				"CODE_SIGN_IDENTITY[sdk=iphoneos*]" = "iPhone Developer";
				COPY_PHASE_STRIP = NO;
				DEBUG_INFORMATION_FORMAT = dwarf;
				ENABLE_STRICT_OBJC_MSGSEND = YES;
				ENABLE_TESTABILITY = YES;
				GCC_C_LANGUAGE_STANDARD = gnu99;
				GCC_DYNAMIC_NO_PIC = NO;
				GCC_NO_COMMON_BLOCKS = YES;
				GCC_OPTIMIZATION_LEVEL = 0;
				GCC_PREPROCESSOR_DEFINITIONS = (
					"DEBUG=1",
					"$(inherited)",
				);
				GCC_WARN_64_TO_32_BIT_CONVERSION = YES;
				GCC_WARN_ABOUT_RETURN_TYPE = YES_ERROR;
				GCC_WARN_UNDECLARED_SELECTOR = YES;
				GCC_WARN_UNINITIALIZED_AUTOS = YES_AGGRESSIVE;
				GCC_WARN_UNUSED_FUNCTION = YES;
				GCC_WARN_UNUSED_VARIABLE = YES;
				IPHONEOS_DEPLOYMENT_TARGET = 9.3;
				MTL_ENABLE_DEBUG_INFO = YES;
				ONLY_ACTIVE_ARCH = YES;
				SDKROOT = iphoneos;
				SWIFT_OPTIMIZATION_LEVEL = "-Onone";
			};
			name = Debug;
		};
		3B28F43B1CBF144A00479405 /* Release */ = {
			isa = XCBuildConfiguration;
			buildSettings = {
				ALWAYS_SEARCH_USER_PATHS = NO;
				CLANG_ANALYZER_NONNULL = YES;
				CLANG_CXX_LANGUAGE_STANDARD = "gnu++0x";
				CLANG_CXX_LIBRARY = "libc++";
				CLANG_ENABLE_MODULES = YES;
				CLANG_ENABLE_OBJC_ARC = YES;
				CLANG_WARN_BOOL_CONVERSION = YES;
				CLANG_WARN_CONSTANT_CONVERSION = YES;
				CLANG_WARN_DIRECT_OBJC_ISA_USAGE = YES_ERROR;
				CLANG_WARN_EMPTY_BODY = YES;
				CLANG_WARN_ENUM_CONVERSION = YES;
				CLANG_WARN_INT_CONVERSION = YES;
				CLANG_WARN_OBJC_ROOT_CLASS = YES_ERROR;
				CLANG_WARN_UNREACHABLE_CODE = YES;
				CLANG_WARN__DUPLICATE_METHOD_MATCH = YES;
				"CODE_SIGN_IDENTITY[sdk=iphoneos*]" = "iPhone Developer";
				COPY_PHASE_STRIP = NO;
				DEBUG_INFORMATION_FORMAT = "dwarf-with-dsym";
				ENABLE_NS_ASSERTIONS = NO;
				ENABLE_STRICT_OBJC_MSGSEND = YES;
				GCC_C_LANGUAGE_STANDARD = gnu99;
				GCC_NO_COMMON_BLOCKS = YES;
				GCC_WARN_64_TO_32_BIT_CONVERSION = YES;
				GCC_WARN_ABOUT_RETURN_TYPE = YES_ERROR;
				GCC_WARN_UNDECLARED_SELECTOR = YES;
				GCC_WARN_UNINITIALIZED_AUTOS = YES_AGGRESSIVE;
				GCC_WARN_UNUSED_FUNCTION = YES;
				GCC_WARN_UNUSED_VARIABLE = YES;
				IPHONEOS_DEPLOYMENT_TARGET = 9.3;
				MTL_ENABLE_DEBUG_INFO = NO;
				SDKROOT = iphoneos;
				VALIDATE_PRODUCT = YES;
			};
			name = Release;
		};
		3B28F43D1CBF144A00479405 /* Debug */ = {
			isa = XCBuildConfiguration;
			buildSettings = {
				ASSETCATALOG_COMPILER_APPICON_NAME = AppIcon;
				INFOPLIST_FILE = UIButtonTutorial/Info.plist;
				LD_RUNPATH_SEARCH_PATHS = "$(inherited) @executable_path/Frameworks";
				PRODUCT_BUNDLE_IDENTIFIER = com.donzellidaniele.UIButtonTutorial;
				PRODUCT_NAME = "$(TARGET_NAME)";
			};
			name = Debug;
		};
		3B28F43E1CBF144A00479405 /* Release */ = {
			isa = XCBuildConfiguration;
			buildSettings = {
				ASSETCATALOG_COMPILER_APPICON_NAME = AppIcon;
				INFOPLIST_FILE = UIButtonTutorial/Info.plist;
				LD_RUNPATH_SEARCH_PATHS = "$(inherited) @executable_path/Frameworks";
				PRODUCT_BUNDLE_IDENTIFIER = com.donzellidaniele.UIButtonTutorial;
				PRODUCT_NAME = "$(TARGET_NAME)";
			};
			name = Release;
		};
		3B28F4401CBF144A00479405 /* Debug */ = {
			isa = XCBuildConfiguration;
			buildSettings = {
				BUNDLE_LOADER = "$(TEST_HOST)";
				INFOPLIST_FILE = UIButtonTutorialTests/Info.plist;
				LD_RUNPATH_SEARCH_PATHS = "$(inherited) @executable_path/Frameworks @loader_path/Frameworks";
				PRODUCT_BUNDLE_IDENTIFIER = com.donzellidaniele.UIButtonTutorialTests;
				PRODUCT_NAME = "$(TARGET_NAME)";
				TEST_HOST = "$(BUILT_PRODUCTS_DIR)/UIButtonTutorial.app/UIButtonTutorial";
			};
			name = Debug;
		};
		3B28F4411CBF144A00479405 /* Release */ = {
			isa = XCBuildConfiguration;
			buildSettings = {
				BUNDLE_LOADER = "$(TEST_HOST)";
				INFOPLIST_FILE = UIButtonTutorialTests/Info.plist;
				LD_RUNPATH_SEARCH_PATHS = "$(inherited) @executable_path/Frameworks @loader_path/Frameworks";
				PRODUCT_BUNDLE_IDENTIFIER = com.donzellidaniele.UIButtonTutorialTests;
				PRODUCT_NAME = "$(TARGET_NAME)";
				TEST_HOST = "$(BUILT_PRODUCTS_DIR)/UIButtonTutorial.app/UIButtonTutorial";
			};
			name = Release;
		};
		3B28F4431CBF144A00479405 /* Debug */ = {
			isa = XCBuildConfiguration;
			buildSettings = {
				INFOPLIST_FILE = UIButtonTutorialUITests/Info.plist;
				LD_RUNPATH_SEARCH_PATHS = "$(inherited) @executable_path/Frameworks @loader_path/Frameworks";
				PRODUCT_BUNDLE_IDENTIFIER = com.donzellidaniele.UIButtonTutorialUITests;
				PRODUCT_NAME = "$(TARGET_NAME)";
				TEST_TARGET_NAME = UIButtonTutorial;
			};
			name = Debug;
		};
		3B28F4441CBF144A00479405 /* Release */ = {
			isa = XCBuildConfiguration;
			buildSettings = {
				INFOPLIST_FILE = UIButtonTutorialUITests/Info.plist;
				LD_RUNPATH_SEARCH_PATHS = "$(inherited) @executable_path/Frameworks @loader_path/Frameworks";
				PRODUCT_BUNDLE_IDENTIFIER = com.donzellidaniele.UIButtonTutorialUITests;
				PRODUCT_NAME = "$(TARGET_NAME)";
				TEST_TARGET_NAME = UIButtonTutorial;
			};
			name = Release;
		};
/* End XCBuildConfiguration section */

/* Begin XCConfigurationList section */
		3B28F40F1CBF144A00479405 /* Build configuration list for PBXProject "UIButtonTutorial" */ = {
			isa = XCConfigurationList;
			buildConfigurations = (
				3B28F43A1CBF144A00479405 /* Debug */,
				3B28F43B1CBF144A00479405 /* Release */,
			);
			defaultConfigurationIsVisible = 0;
			defaultConfigurationName = Release;
		};
		3B28F43C1CBF144A00479405 /* Build configuration list for PBXNativeTarget "UIButtonTutorial" */ = {
			isa = XCConfigurationList;
			buildConfigurations = (
				3B28F43D1CBF144A00479405 /* Debug */,
				3B28F43E1CBF144A00479405 /* Release */,
			);
			defaultConfigurationIsVisible = 0;
		};
		3B28F43F1CBF144A00479405 /* Build configuration list for PBXNativeTarget "UIButtonTutorialTests" */ = {
			isa = XCConfigurationList;
			buildConfigurations = (
				3B28F4401CBF144A00479405 /* Debug */,
				3B28F4411CBF144A00479405 /* Release */,
			);
			defaultConfigurationIsVisible = 0;
		};
		3B28F4421CBF144A00479405 /* Build configuration list for PBXNativeTarget "UIButtonTutorialUITests" */ = {
			isa = XCConfigurationList;
			buildConfigurations = (
				3B28F4431CBF144A00479405 /* Debug */,
				3B28F4441CBF144A00479405 /* Release */,
			);
			defaultConfigurationIsVisible = 0;
		};
/* End XCConfigurationList section */
	};
	rootObject = 3B28F40C1CBF144A00479405 /* Project object */;
}
