// !$*UTF8*$!
{
	archiveVersion = 1;
	classes = {
	};
	objectVersion = 46;
	objects = {

/* Begin PBXBuildFile section */
		3B0A8EEE1CE60E0C0098F719 /* Assets.xcassets in Resources */ = {isa = PBXBuildFile; fileRef = 3B0A8EED1CE60E0C0098F719 /* Assets.xcassets */; };
		3B6276B91BEF615C003D1659 /* AppDelegate.swift in Sources */ = {isa = PBXBuildFile; fileRef = 3B6276B81BEF615C003D1659 /* AppDelegate.swift */; };
		3B6276BB1BEF615C003D1659 /* ViewController.swift in Sources */ = {isa = PBXBuildFile; fileRef = 3B6276BA1BEF615C003D1659 /* ViewController.swift */; };
		3B6276BE1BEF615C003D1659 /* Main.storyboard in Resources */ = {isa = PBXBuildFile; fileRef = 3B6276BC1BEF615C003D1659 /* Main.storyboard */; };
		3B6276C31BEF615C003D1659 /* LaunchScreen.storyboard in Resources */ = {isa = PBXBuildFile; fileRef = 3B6276C11BEF615C003D1659 /* LaunchScreen.storyboard */; };
		3B6276CE1BEF615C003D1659 /* UITextFieldTutorialTests.swift in Sources */ = {isa = PBXBuildFile; fileRef = 3B6276CD1BEF615C003D1659 /* UITextFieldTutorialTests.swift */; };
		3B6276D91BEF615C003D1659 /* UITextFieldTutorialUITests.swift in Sources */ = {isa = PBXBuildFile; fileRef = 3B6276D81BEF615C003D1659 /* UITextFieldTutorialUITests.swift */; };
/* End PBXBuildFile section */

/* Begin PBXContainerItemProxy section */
		3B6276CA1BEF615C003D1659 /* PBXContainerItemProxy */ = {
			isa = PBXContainerItemProxy;
			containerPortal = 3B6276AD1BEF615C003D1659 /* Project object */;
			proxyType = 1;
			remoteGlobalIDString = 3B6276B41BEF615C003D1659;
			remoteInfo = UITextFieldTutorial;
		};
		3B6276D51BEF615C003D1659 /* PBXContainerItemProxy */ = {
			isa = PBXContainerItemProxy;
			containerPortal = 3B6276AD1BEF615C003D1659 /* Project object */;
			proxyType = 1;
			remoteGlobalIDString = 3B6276B41BEF615C003D1659;
			remoteInfo = UITextFieldTutorial;
		};
/* End PBXContainerItemProxy section */

/* Begin PBXFileReference section */
		3B0A8EED1CE60E0C0098F719 /* Assets.xcassets */ = {isa = PBXFileReference; lastKnownFileType = folder.assetcatalog; path = Assets.xcassets; sourceTree = "<group>"; };
		3B6276B51BEF615C003D1659 /* UITextFieldTutorial.app */ = {isa = PBXFileReference; explicitFileType = wrapper.application; includeInIndex = 0; path = UITextFieldTutorial.app; sourceTree = BUILT_PRODUCTS_DIR; };
		3B6276B81BEF615C003D1659 /* AppDelegate.swift */ = {isa = PBXFileReference; lastKnownFileType = sourcecode.swift; path = AppDelegate.swift; sourceTree = "<group>"; };
		3B6276BA1BEF615C003D1659 /* ViewController.swift */ = {isa = PBXFileReference; lastKnownFileType = sourcecode.swift; path = ViewController.swift; sourceTree = "<group>"; };
		3B6276BD1BEF615C003D1659 /* Base */ = {isa = PBXFileReference; lastKnownFileType = file.storyboard; name = Base; path = Base.lproj/Main.storyboard; sourceTree = "<group>"; };
		3B6276C21BEF615C003D1659 /* Base */ = {isa = PBXFileReference; lastKnownFileType = file.storyboard; name = Base; path = Base.lproj/LaunchScreen.storyboard; sourceTree = "<group>"; };
		3B6276C41BEF615C003D1659 /* Info.plist */ = {isa = PBXFileReference; lastKnownFileType = text.plist.xml; path = Info.plist; sourceTree = "<group>"; };
		3B6276C91BEF615C003D1659 /* UITextFieldTutorialTests.xctest */ = {isa = PBXFileReference; explicitFileType = wrapper.cfbundle; includeInIndex = 0; path = UITextFieldTutorialTests.xctest; sourceTree = BUILT_PRODUCTS_DIR; };
		3B6276CD1BEF615C003D1659 /* UITextFieldTutorialTests.swift */ = {isa = PBXFileReference; lastKnownFileType = sourcecode.swift; path = UITextFieldTutorialTests.swift; sourceTree = "<group>"; };
		3B6276CF1BEF615C003D1659 /* Info.plist */ = {isa = PBXFileReference; lastKnownFileType = text.plist.xml; path = Info.plist; sourceTree = "<group>"; };
		3B6276D41BEF615C003D1659 /* UITextFieldTutorialUITests.xctest */ = {isa = PBXFileReference; explicitFileType = wrapper.cfbundle; includeInIndex = 0; path = UITextFieldTutorialUITests.xctest; sourceTree = BUILT_PRODUCTS_DIR; };
		3B6276D81BEF615C003D1659 /* UITextFieldTutorialUITests.swift */ = {isa = PBXFileReference; lastKnownFileType = sourcecode.swift; path = UITextFieldTutorialUITests.swift; sourceTree = "<group>"; };
		3B6276DA1BEF615C003D1659 /* Info.plist */ = {isa = PBXFileReference; lastKnownFileType = text.plist.xml; path = Info.plist; sourceTree = "<group>"; };
/* End PBXFileReference section */

/* Begin PBXFrameworksBuildPhase section */
		3B6276B21BEF615C003D1659 /* Frameworks */ = {
			isa = PBXFrameworksBuildPhase;
			buildActionMask = 2147483647;
			files = (
			);
			runOnlyForDeploymentPostprocessing = 0;
		};
		3B6276C61BEF615C003D1659 /* Frameworks */ = {
			isa = PBXFrameworksBuildPhase;
			buildActionMask = 2147483647;
			files = (
			);
			runOnlyForDeploymentPostprocessing = 0;
		};
		3B6276D11BEF615C003D1659 /* Frameworks */ = {
			isa = PBXFrameworksBuildPhase;
			buildActionMask = 2147483647;
			files = (
			);
			runOnlyForDeploymentPostprocessing = 0;
		};
/* End PBXFrameworksBuildPhase section */

/* Begin PBXGroup section */
		3B6276AC1BEF615C003D1659 = {
			isa = PBXGroup;
			children = (
				3B6276B71BEF615C003D1659 /* UITextFieldTutorial */,
				3B6276CC1BEF615C003D1659 /* UITextFieldTutorialTests */,
				3B6276D71BEF615C003D1659 /* UITextFieldTutorialUITests */,
				3B6276B61BEF615C003D1659 /* Products */,
			);
			sourceTree = "<group>";
		};
		3B6276B61BEF615C003D1659 /* Products */ = {
			isa = PBXGroup;
			children = (
				3B6276B51BEF615C003D1659 /* UITextFieldTutorial.app */,
				3B6276C91BEF615C003D1659 /* UITextFieldTutorialTests.xctest */,
				3B6276D41BEF615C003D1659 /* UITextFieldTutorialUITests.xctest */,
			);
			name = Products;
			sourceTree = "<group>";
		};
		3B6276B71BEF615C003D1659 /* UITextFieldTutorial */ = {
			isa = PBXGroup;
			children = (
				3B6276B81BEF615C003D1659 /* AppDelegate.swift */,
				3B6276BA1BEF615C003D1659 /* ViewController.swift */,
				3B0A8EED1CE60E0C0098F719 /* Assets.xcassets */,
				3B6276BC1BEF615C003D1659 /* Main.storyboard */,
				3B6276C11BEF615C003D1659 /* LaunchScreen.storyboard */,
				3B6276C41BEF615C003D1659 /* Info.plist */,
			);
			path = UITextFieldTutorial;
			sourceTree = "<group>";
		};
		3B6276CC1BEF615C003D1659 /* UITextFieldTutorialTests */ = {
			isa = PBXGroup;
			children = (
				3B6276CD1BEF615C003D1659 /* UITextFieldTutorialTests.swift */,
				3B6276CF1BEF615C003D1659 /* Info.plist */,
			);
			path = UITextFieldTutorialTests;
			sourceTree = "<group>";
		};
		3B6276D71BEF615C003D1659 /* UITextFieldTutorialUITests */ = {
			isa = PBXGroup;
			children = (
				3B6276D81BEF615C003D1659 /* UITextFieldTutorialUITests.swift */,
				3B6276DA1BEF615C003D1659 /* Info.plist */,
			);
			path = UITextFieldTutorialUITests;
			sourceTree = "<group>";
		};
/* End PBXGroup section */

/* Begin PBXNativeTarget section */
		3B6276B41BEF615C003D1659 /* UITextFieldTutorial */ = {
			isa = PBXNativeTarget;
			buildConfigurationList = 3B6276DD1BEF615C003D1659 /* Build configuration list for PBXNativeTarget "UITextFieldTutorial" */;
			buildPhases = (
				3B6276B11BEF615C003D1659 /* Sources */,
				3B6276B21BEF615C003D1659 /* Frameworks */,
				3B6276B31BEF615C003D1659 /* Resources */,
			);
			buildRules = (
			);
			dependencies = (
			);
			name = UITextFieldTutorial;
			productName = UITextFieldTutorial;
			productReference = 3B6276B51BEF615C003D1659 /* UITextFieldTutorial.app */;
			productType = "com.apple.product-type.application";
		};
		3B6276C81BEF615C003D1659 /* UITextFieldTutorialTests */ = {
			isa = PBXNativeTarget;
			buildConfigurationList = 3B6276E01BEF615C003D1659 /* Build configuration list for PBXNativeTarget "UITextFieldTutorialTests" */;
			buildPhases = (
				3B6276C51BEF615C003D1659 /* Sources */,
				3B6276C61BEF615C003D1659 /* Frameworks */,
				3B6276C71BEF615C003D1659 /* Resources */,
			);
			buildRules = (
			);
			dependencies = (
				3B6276CB1BEF615C003D1659 /* PBXTargetDependency */,
			);
			name = UITextFieldTutorialTests;
			productName = UITextFieldTutorialTests;
			productReference = 3B6276C91BEF615C003D1659 /* UITextFieldTutorialTests.xctest */;
			productType = "com.apple.product-type.bundle.unit-test";
		};
		3B6276D31BEF615C003D1659 /* UITextFieldTutorialUITests */ = {
			isa = PBXNativeTarget;
			buildConfigurationList = 3B6276E31BEF615C003D1659 /* Build configuration list for PBXNativeTarget "UITextFieldTutorialUITests" */;
			buildPhases = (
				3B6276D01BEF615C003D1659 /* Sources */,
				3B6276D11BEF615C003D1659 /* Frameworks */,
				3B6276D21BEF615C003D1659 /* Resources */,
			);
			buildRules = (
			);
			dependencies = (
				3B6276D61BEF615C003D1659 /* PBXTargetDependency */,
			);
			name = UITextFieldTutorialUITests;
			productName = UITextFieldTutorialUITests;
			productReference = 3B6276D41BEF615C003D1659 /* UITextFieldTutorialUITests.xctest */;
			productType = "com.apple.product-type.bundle.ui-testing";
		};
/* End PBXNativeTarget section */

/* Begin PBXProject section */
		3B6276AD1BEF615C003D1659 /* Project object */ = {
			isa = PBXProject;
			attributes = {
				LastSwiftUpdateCheck = 0710;
				LastUpgradeCheck = 0710;
				ORGANIZATIONNAME = "Daniele Donzelli";
				TargetAttributes = {
					3B6276B41BEF615C003D1659 = {
						CreatedOnToolsVersion = 7.1;
					};
					3B6276C81BEF615C003D1659 = {
						CreatedOnToolsVersion = 7.1;
						TestTargetID = 3B6276B41BEF615C003D1659;
					};
					3B6276D31BEF615C003D1659 = {
						CreatedOnToolsVersion = 7.1;
						TestTargetID = 3B6276B41BEF615C003D1659;
					};
				};
			};
			buildConfigurationList = 3B6276B01BEF615C003D1659 /* Build configuration list for PBXProject "UITextFieldTutorial" */;
			compatibilityVersion = "Xcode 3.2";
			developmentRegion = English;
			hasScannedForEncodings = 0;
			knownRegions = (
				en,
				Base,
			);
			mainGroup = 3B6276AC1BEF615C003D1659;
			productRefGroup = 3B6276B61BEF615C003D1659 /* Products */;
			projectDirPath = "";
			projectRoot = "";
			targets = (
				3B6276B41BEF615C003D1659 /* UITextFieldTutorial */,
				3B6276C81BEF615C003D1659 /* UITextFieldTutorialTests */,
				3B6276D31BEF615C003D1659 /* UITextFieldTutorialUITests */,
			);
		};
/* End PBXProject section */

/* Begin PBXResourcesBuildPhase section */
		3B6276B31BEF615C003D1659 /* Resources */ = {
			isa = PBXResourcesBuildPhase;
			buildActionMask = 2147483647;
			files = (
				3B6276C31BEF615C003D1659 /* LaunchScreen.storyboard in Resources */,
				3B0A8EEE1CE60E0C0098F719 /* Assets.xcassets in Resources */,
				3B6276BE1BEF615C003D1659 /* Main.storyboard in Resources */,
			);
			runOnlyForDeploymentPostprocessing = 0;
		};
		3B6276C71BEF615C003D1659 /* Resources */ = {
			isa = PBXResourcesBuildPhase;
			buildActionMask = 2147483647;
			files = (
			);
			runOnlyForDeploymentPostprocessing = 0;
		};
		3B6276D21BEF615C003D1659 /* Resources */ = {
			isa = PBXResourcesBuildPhase;
			buildActionMask = 2147483647;
			files = (
			);
			runOnlyForDeploymentPostprocessing = 0;
		};
/* End PBXResourcesBuildPhase section */

/* Begin PBXSourcesBuildPhase section */
		3B6276B11BEF615C003D1659 /* Sources */ = {
			isa = PBXSourcesBuildPhase;
			buildActionMask = 2147483647;
			files = (
				3B6276BB1BEF615C003D1659 /* ViewController.swift in Sources */,
				3B6276B91BEF615C003D1659 /* AppDelegate.swift in Sources */,
			);
			runOnlyForDeploymentPostprocessing = 0;
		};
		3B6276C51BEF615C003D1659 /* Sources */ = {
			isa = PBXSourcesBuildPhase;
			buildActionMask = 2147483647;
			files = (
				3B6276CE1BEF615C003D1659 /* UITextFieldTutorialTests.swift in Sources */,
			);
			runOnlyForDeploymentPostprocessing = 0;
		};
		3B6276D01BEF615C003D1659 /* Sources */ = {
			isa = PBXSourcesBuildPhase;
			buildActionMask = 2147483647;
			files = (
				3B6276D91BEF615C003D1659 /* UITextFieldTutorialUITests.swift in Sources */,
			);
			runOnlyForDeploymentPostprocessing = 0;
		};
/* End PBXSourcesBuildPhase section */

/* Begin PBXTargetDependency section */
		3B6276CB1BEF615C003D1659 /* PBXTargetDependency */ = {
			isa = PBXTargetDependency;
			target = 3B6276B41BEF615C003D1659 /* UITextFieldTutorial */;
			targetProxy = 3B6276CA1BEF615C003D1659 /* PBXContainerItemProxy */;
		};
		3B6276D61BEF615C003D1659 /* PBXTargetDependency */ = {
			isa = PBXTargetDependency;
			target = 3B6276B41BEF615C003D1659 /* UITextFieldTutorial */;
			targetProxy = 3B6276D51BEF615C003D1659 /* PBXContainerItemProxy */;
		};
/* End PBXTargetDependency section */

/* Begin PBXVariantGroup section */
		3B6276BC1BEF615C003D1659 /* Main.storyboard */ = {
			isa = PBXVariantGroup;
			children = (
				3B6276BD1BEF615C003D1659 /* Base */,
			);
			name = Main.storyboard;
			sourceTree = "<group>";
		};
		3B6276C11BEF615C003D1659 /* LaunchScreen.storyboard */ = {
			isa = PBXVariantGroup;
			children = (
				3B6276C21BEF615C003D1659 /* Base */,
			);
			name = LaunchScreen.storyboard;
			sourceTree = "<group>";
		};
/* End PBXVariantGroup section */

/* Begin XCBuildConfiguration section */
		3B6276DB1BEF615C003D1659 /* Debug */ = {
			isa = XCBuildConfiguration;
			buildSettings = {
				ALWAYS_SEARCH_USER_PATHS = NO;
				CLANG_CXX_LANGUAGE_STANDARD = "gnu++0x";
				CLANG_CXX_LIBRARY = "libc++";
				CLANG_ENABLE_MODULES = YES;
				CLANG_ENABLE_OBJC_ARC = YES;
				CLANG_WARN_BOOL_CONVERSION = YES;
				CLANG_WARN_CONSTANT_CONVERSION = YES;
				CLANG_WARN_DIRECT_OBJC_ISA_USAGE = YES_ERROR;
				CLANG_WARN_EMPTY_BODY = YES;
				CLANG_WARN_ENUM_CONVERSION = YES;
				CLANG_WARN_INT_CONVERSION = YES;
				CLANG_WARN_OBJC_ROOT_CLASS = YES_ERROR;
				CLANG_WARN_UNREACHABLE_CODE = YES;
				CLANG_WARN__DUPLICATE_METHOD_MATCH = YES;
				"CODE_SIGN_IDENTITY[sdk=iphoneos*]" = "iPhone Developer";
				COPY_PHASE_STRIP = NO;
				DEBUG_INFORMATION_FORMAT = dwarf;
				ENABLE_STRICT_OBJC_MSGSEND = YES;
				ENABLE_TESTABILITY = YES;
				GCC_C_LANGUAGE_STANDARD = gnu99;
				GCC_DYNAMIC_NO_PIC = NO;
				GCC_NO_COMMON_BLOCKS = YES;
				GCC_OPTIMIZATION_LEVEL = 0;
				GCC_PREPROCESSOR_DEFINITIONS = (
					"DEBUG=1",
					"$(inherited)",
				);
				GCC_WARN_64_TO_32_BIT_CONVERSION = YES;
				GCC_WARN_ABOUT_RETURN_TYPE = YES_ERROR;
				GCC_WARN_UNDECLARED_SELECTOR = YES;
				GCC_WARN_UNINITIALIZED_AUTOS = YES_AGGRESSIVE;
				GCC_WARN_UNUSED_FUNCTION = YES;
				GCC_WARN_UNUSED_VARIABLE = YES;
				IPHONEOS_DEPLOYMENT_TARGET = 9.1;
				MTL_ENABLE_DEBUG_INFO = YES;
				ONLY_ACTIVE_ARCH = YES;
				SDKROOT = iphoneos;
				SWIFT_OPTIMIZATION_LEVEL = "-Onone";
			};
			name = Debug;
		};
		3B6276DC1BEF615C003D1659 /* Release */ = {
			isa = XCBuildConfiguration;
			buildSettings = {
				ALWAYS_SEARCH_USER_PATHS = NO;
				CLANG_CXX_LANGUAGE_STANDARD = "gnu++0x";
				CLANG_CXX_LIBRARY = "libc++";
				CLANG_ENABLE_MODULES = YES;
				CLANG_ENABLE_OBJC_ARC = YES;
				CLANG_WARN_BOOL_CONVERSION = YES;
				CLANG_WARN_CONSTANT_CONVERSION = YES;
				CLANG_WARN_DIRECT_OBJC_ISA_USAGE = YES_ERROR;
				CLANG_WARN_EMPTY_BODY = YES;
				CLANG_WARN_ENUM_CONVERSION = YES;
				CLANG_WARN_INT_CONVERSION = YES;
				CLANG_WARN_OBJC_ROOT_CLASS = YES_ERROR;
				CLANG_WARN_UNREACHABLE_CODE = YES;
				CLANG_WARN__DUPLICATE_METHOD_MATCH = YES;
				"CODE_SIGN_IDENTITY[sdk=iphoneos*]" = "iPhone Developer";
				COPY_PHASE_STRIP = NO;
				DEBUG_INFORMATION_FORMAT = "dwarf-with-dsym";
				ENABLE_NS_ASSERTIONS = NO;
				ENABLE_STRICT_OBJC_MSGSEND = YES;
				GCC_C_LANGUAGE_STANDARD = gnu99;
				GCC_NO_COMMON_BLOCKS = YES;
				GCC_WARN_64_TO_32_BIT_CONVERSION = YES;
				GCC_WARN_ABOUT_RETURN_TYPE = YES_ERROR;
				GCC_WARN_UNDECLARED_SELECTOR = YES;
				GCC_WARN_UNINITIALIZED_AUTOS = YES_AGGRESSIVE;
				GCC_WARN_UNUSED_FUNCTION = YES;
				GCC_WARN_UNUSED_VARIABLE = YES;
				IPHONEOS_DEPLOYMENT_TARGET = 9.1;
				MTL_ENABLE_DEBUG_INFO = NO;
				SDKROOT = iphoneos;
				VALIDATE_PRODUCT = YES;
			};
			name = Release;
		};
		3B6276DE1BEF615C003D1659 /* Debug */ = {
			isa = XCBuildConfiguration;
			buildSettings = {
				ASSETCATALOG_COMPILER_APPICON_NAME = AppIcon;
				INFOPLIST_FILE = UITextFieldTutorial/Info.plist;
				LD_RUNPATH_SEARCH_PATHS = "$(inherited) @executable_path/Frameworks";
				PRODUCT_BUNDLE_IDENTIFIER = com.donzellidaniele.UITextFieldTutorial;
				PRODUCT_NAME = "$(TARGET_NAME)";
			};
			name = Debug;
		};
		3B6276DF1BEF615C003D1659 /* Release */ = {
			isa = XCBuildConfiguration;
			buildSettings = {
				ASSETCATALOG_COMPILER_APPICON_NAME = AppIcon;
				INFOPLIST_FILE = UITextFieldTutorial/Info.plist;
				LD_RUNPATH_SEARCH_PATHS = "$(inherited) @executable_path/Frameworks";
				PRODUCT_BUNDLE_IDENTIFIER = com.donzellidaniele.UITextFieldTutorial;
				PRODUCT_NAME = "$(TARGET_NAME)";
			};
			name = Release;
		};
		3B6276E11BEF615C003D1659 /* Debug */ = {
			isa = XCBuildConfiguration;
			buildSettings = {
				BUNDLE_LOADER = "$(TEST_HOST)";
				INFOPLIST_FILE = UITextFieldTutorialTests/Info.plist;
				LD_RUNPATH_SEARCH_PATHS = "$(inherited) @executable_path/Frameworks @loader_path/Frameworks";
				PRODUCT_BUNDLE_IDENTIFIER = com.donzellidaniele.UITextFieldTutorialTests;
				PRODUCT_NAME = "$(TARGET_NAME)";
				TEST_HOST = "$(BUILT_PRODUCTS_DIR)/UITextFieldTutorial.app/UITextFieldTutorial";
			};
			name = Debug;
		};
		3B6276E21BEF615C003D1659 /* Release */ = {
			isa = XCBuildConfiguration;
			buildSettings = {
				BUNDLE_LOADER = "$(TEST_HOST)";
				INFOPLIST_FILE = UITextFieldTutorialTests/Info.plist;
				LD_RUNPATH_SEARCH_PATHS = "$(inherited) @executable_path/Frameworks @loader_path/Frameworks";
				PRODUCT_BUNDLE_IDENTIFIER = com.donzellidaniele.UITextFieldTutorialTests;
				PRODUCT_NAME = "$(TARGET_NAME)";
				TEST_HOST = "$(BUILT_PRODUCTS_DIR)/UITextFieldTutorial.app/UITextFieldTutorial";
			};
			name = Release;
		};
		3B6276E41BEF615C003D1659 /* Debug */ = {
			isa = XCBuildConfiguration;
			buildSettings = {
				INFOPLIST_FILE = UITextFieldTutorialUITests/Info.plist;
				LD_RUNPATH_SEARCH_PATHS = "$(inherited) @executable_path/Frameworks @loader_path/Frameworks";
				PRODUCT_BUNDLE_IDENTIFIER = com.donzellidaniele.UITextFieldTutorialUITests;
				PRODUCT_NAME = "$(TARGET_NAME)";
				TEST_TARGET_NAME = UITextFieldTutorial;
				USES_XCTRUNNER = YES;
			};
			name = Debug;
		};
		3B6276E51BEF615C003D1659 /* Release */ = {
			isa = XCBuildConfiguration;
			buildSettings = {
				INFOPLIST_FILE = UITextFieldTutorialUITests/Info.plist;
				LD_RUNPATH_SEARCH_PATHS = "$(inherited) @executable_path/Frameworks @loader_path/Frameworks";
				PRODUCT_BUNDLE_IDENTIFIER = com.donzellidaniele.UITextFieldTutorialUITests;
				PRODUCT_NAME = "$(TARGET_NAME)";
				TEST_TARGET_NAME = UITextFieldTutorial;
				USES_XCTRUNNER = YES;
			};
			name = Release;
		};
/* End XCBuildConfiguration section */

/* Begin XCConfigurationList section */
		3B6276B01BEF615C003D1659 /* Build configuration list for PBXProject "UITextFieldTutorial" */ = {
			isa = XCConfigurationList;
			buildConfigurations = (
				3B6276DB1BEF615C003D1659 /* Debug */,
				3B6276DC1BEF615C003D1659 /* Release */,
			);
			defaultConfigurationIsVisible = 0;
			defaultConfigurationName = Release;
		};
		3B6276DD1BEF615C003D1659 /* Build configuration list for PBXNativeTarget "UITextFieldTutorial" */ = {
			isa = XCConfigurationList;
			buildConfigurations = (
				3B6276DE1BEF615C003D1659 /* Debug */,
				3B6276DF1BEF615C003D1659 /* Release */,
			);
			defaultConfigurationIsVisible = 0;
			defaultConfigurationName = Release;
		};
		3B6276E01BEF615C003D1659 /* Build configuration list for PBXNativeTarget "UITextFieldTutorialTests" */ = {
			isa = XCConfigurationList;
			buildConfigurations = (
				3B6276E11BEF615C003D1659 /* Debug */,
				3B6276E21BEF615C003D1659 /* Release */,
			);
			defaultConfigurationIsVisible = 0;
			defaultConfigurationName = Release;
		};
		3B6276E31BEF615C003D1659 /* Build configuration list for PBXNativeTarget "UITextFieldTutorialUITests" */ = {
			isa = XCConfigurationList;
			buildConfigurations = (
				3B6276E41BEF615C003D1659 /* Debug */,
				3B6276E51BEF615C003D1659 /* Release */,
			);
			defaultConfigurationIsVisible = 0;
			defaultConfigurationName = Release;
		};
/* End XCConfigurationList section */
	};
	rootObject = 3B6276AD1BEF615C003D1659 /* Project object */;
}
